// !$*UTF8*$!
{
	archiveVersion = 1;
	classes = {
	};
	objectVersion = 50;
	objects = {

/* Begin PBXBuildFile section */
		1A1093382330011C00791BDA /* SessionController.m in Sources */ = {isa = PBXBuildFile; fileRef = 1A1093372330011C00791BDA /* SessionController.m */; };
		1A1093442330012900791BDA /* LogController.m in Sources */ = {isa = PBXBuildFile; fileRef = 1A1093432330012900791BDA /* LogController.m */; };
		1A1093472330016D00791BDA /* DropFilesView.m in Sources */ = {isa = PBXBuildFile; fileRef = 1A1093462330016D00791BDA /* DropFilesView.m */; };
		1A10934A233001A300791BDA /* CustomVisualEffectView.m in Sources */ = {isa = PBXBuildFile; fileRef = 1A109349233001A300791BDA /* CustomVisualEffectView.m */; };
		1A10934D233001AE00791BDA /* CustomBackgroundView.m in Sources */ = {isa = PBXBuildFile; fileRef = 1A10934C233001AE00791BDA /* CustomBackgroundView.m */; };
		1A1093502330023200791BDA /* PreferencesViewController.m in Sources */ = {isa = PBXBuildFile; fileRef = 1A10934F2330023200791BDA /* PreferencesViewController.m */; };
		1A1093542330024A00791BDA /* PreferencesGeneralViewController.m in Sources */ = {isa = PBXBuildFile; fileRef = 1A1093522330024A00791BDA /* PreferencesGeneralViewController.m */; };
		1A1093552330024A00791BDA /* PreferencesGeneralViewController.xib in Resources */ = {isa = PBXBuildFile; fileRef = 1A1093532330024A00791BDA /* PreferencesGeneralViewController.xib */; };
		1A1093592330025500791BDA /* PreferencesFileViewController.m in Sources */ = {isa = PBXBuildFile; fileRef = 1A1093572330025500791BDA /* PreferencesFileViewController.m */; };
		1A10935A2330025500791BDA /* PreferencesFileViewController.xib in Resources */ = {isa = PBXBuildFile; fileRef = 1A1093582330025500791BDA /* PreferencesFileViewController.xib */; };
		1A10935E2330025E00791BDA /* PreferencesPresetViewController.m in Sources */ = {isa = PBXBuildFile; fileRef = 1A10935C2330025E00791BDA /* PreferencesPresetViewController.m */; };
		1A10935F2330025E00791BDA /* PreferencesPresetViewController.xib in Resources */ = {isa = PBXBuildFile; fileRef = 1A10935D2330025E00791BDA /* PreferencesPresetViewController.xib */; };
		1A1093632330026800791BDA /* PreferencesAdvancedViewController.m in Sources */ = {isa = PBXBuildFile; fileRef = 1A1093612330026800791BDA /* PreferencesAdvancedViewController.m */; };
		1A1093642330026800791BDA /* PreferencesAdvancedViewController.xib in Resources */ = {isa = PBXBuildFile; fileRef = 1A1093622330026800791BDA /* PreferencesAdvancedViewController.xib */; };
		1A1093672330027600791BDA /* PresetObject.m in Sources */ = {isa = PBXBuildFile; fileRef = 1A1093662330027600791BDA /* PresetObject.m */; };
		1A10936A2330027C00791BDA /* PresetGroup.m in Sources */ = {isa = PBXBuildFile; fileRef = 1A1093692330027C00791BDA /* PresetGroup.m */; };
		1A10936E233002D800791BDA /* SynOp.m in Sources */ = {isa = PBXBuildFile; fileRef = 1A10936D233002D800791BDA /* SynOp.m */; };
		1A1093772330205100791BDA /* SessionRowView.m in Sources */ = {isa = PBXBuildFile; fileRef = 1A1093752330205100791BDA /* SessionRowView.m */; };
		1A1093782330205100791BDA /* SessionRowView.xib in Resources */ = {isa = PBXBuildFile; fileRef = 1A1093762330205100791BDA /* SessionRowView.xib */; };
		1A10937C2330205800791BDA /* OpRowView.m in Sources */ = {isa = PBXBuildFile; fileRef = 1A10937A2330205800791BDA /* OpRowView.m */; };
		1A10937D2330205800791BDA /* OpRowView.xib in Resources */ = {isa = PBXBuildFile; fileRef = 1A10937B2330205800791BDA /* OpRowView.xib */; };
		1A2B9FC62368BF8E008D4F6A /* UserNotifications.framework in Frameworks */ = {isa = PBXBuildFile; fileRef = 1A2B9FBF2368BF8E008D4F6A /* UserNotifications.framework */; };
		1A2BA002236A3AE7008D4F6A /* PrefsPathPickerAbstraction.m in Sources */ = {isa = PBXBuildFile; fileRef = 1A2BA001236A3AE7008D4F6A /* PrefsPathPickerAbstraction.m */; };
		1A34044223283C25004A434D /* main.m in Sources */ = {isa = PBXBuildFile; fileRef = 1A34044123283C25004A434D /* main.m */; };
		1A34044C23283EFA004A434D /* HapInAVFoundation.framework in Frameworks */ = {isa = PBXBuildFile; fileRef = 1AC1ED3E2318144500AAD380 /* HapInAVFoundation.framework */; };
		1A34044D23283EFA004A434D /* Synopsis.framework in Frameworks */ = {isa = PBXBuildFile; fileRef = 1A626153231476DD00DC2B06 /* Synopsis.framework */; };
		1A34044E23283F0C004A434D /* SynopsisJobObject.m in Sources */ = {isa = PBXBuildFile; fileRef = 1AFDD45E2316F3C400D7862F /* SynopsisJobObject.m */; };
		1A3EBFAB235F8E03007AB5B1 /* SessionStateButton.m in Sources */ = {isa = PBXBuildFile; fileRef = 1A3EBFAA235F8E03007AB5B1 /* SessionStateButton.m */; };
		1A55FD7F2343F78E007CA355 /* PresetSettingsUIController.m in Sources */ = {isa = PBXBuildFile; fileRef = 1A55FD7E2343F78E007CA355 /* PresetSettingsUIController.m */; };
		1A58E28E235E1255003B6A6F /* VVLogger.mm in Sources */ = {isa = PBXBuildFile; fileRef = 1A58E28D235E1254003B6A6F /* VVLogger.mm */; };
		1A58E2C0235F4021003B6A6F /* CustomOutlineView.m in Sources */ = {isa = PBXBuildFile; fileRef = 1A58E2BF235F4021003B6A6F /* CustomOutlineView.m */; };
		1A58E2C9235F75EA003B6A6F /* ITProgressIndicator.m in Sources */ = {isa = PBXBuildFile; fileRef = 1A58E2C8235F75EA003B6A6F /* ITProgressIndicator.m */; };
		1A62613D231476CF00DC2B06 /* AppDelegate.m in Sources */ = {isa = PBXBuildFile; fileRef = 1A62613C231476CF00DC2B06 /* AppDelegate.m */; };
		1A62613F231476D000DC2B06 /* Assets.xcassets in Resources */ = {isa = PBXBuildFile; fileRef = 1A62613E231476D000DC2B06 /* Assets.xcassets */; };
		1A626142231476D000DC2B06 /* MainMenu.xib in Resources */ = {isa = PBXBuildFile; fileRef = 1A626140231476D000DC2B06 /* MainMenu.xib */; };
		1A626145231476D000DC2B06 /* main.m in Sources */ = {isa = PBXBuildFile; fileRef = 1A626144231476D000DC2B06 /* main.m */; };
		1A62615B231476F000DC2B06 /* Synopsis.framework in Frameworks */ = {isa = PBXBuildFile; fileRef = 1A626153231476DD00DC2B06 /* Synopsis.framework */; };
		1A62615D2314770100DC2B06 /* Synopsis.framework in Embed Frameworks */ = {isa = PBXBuildFile; fileRef = 1A626153231476DD00DC2B06 /* Synopsis.framework */; settings = {ATTRIBUTES = (CodeSignOnCopy, RemoveHeadersOnCopy, ); }; };
		1A85F56E233ED6FE00541CFB /* CoreMedia.framework in Frameworks */ = {isa = PBXBuildFile; fileRef = 1A85F567233ED6FE00541CFB /* CoreMedia.framework */; };
		1A85F571233EDE5A00541CFB /* NSStringAdditions.m in Sources */ = {isa = PBXBuildFile; fileRef = 1A85F570233EDE5A00541CFB /* NSStringAdditions.m */; };
		1A9B1EBE23314B73007D414A /* PrefsController.m in Sources */ = {isa = PBXBuildFile; fileRef = 1A9B1EBC23314B72007D414A /* PrefsController.m */; };
		1A9B1EBF23314B73007D414A /* PrefsController.xib in Resources */ = {isa = PBXBuildFile; fileRef = 1A9B1EBD23314B73007D414A /* PrefsController.xib */; };
		1A9B1EC423314C1C007D414A /* LogController.xib in Resources */ = {isa = PBXBuildFile; fileRef = 1A9B1EC223314C1C007D414A /* LogController.xib */; };
		1A9B1ECB23315051007D414A /* HapInAVFoundation.framework in Frameworks */ = {isa = PBXBuildFile; fileRef = 1AC1ED3E2318144500AAD380 /* HapInAVFoundation.framework */; };
		1A9B1ECC23315051007D414A /* Synopsis.framework in Frameworks */ = {isa = PBXBuildFile; fileRef = 1A626153231476DD00DC2B06 /* Synopsis.framework */; };
		1A9B1ED123315076007D414A /* Synopsis.framework in Embed Frameworks */ = {isa = PBXBuildFile; fileRef = 1A626155231476DD00DC2B06 /* Synopsis.framework */; settings = {ATTRIBUTES = (CodeSignOnCopy, RemoveHeadersOnCopy, ); }; };
		1A9B1ED223315076007D414A /* HapInAVFoundation.framework in Embed Frameworks */ = {isa = PBXBuildFile; fileRef = 1AC1ED3E2318144500AAD380 /* HapInAVFoundation.framework */; settings = {ATTRIBUTES = (CodeSignOnCopy, RemoveHeadersOnCopy, ); }; };
		1AA3C04B233C1400009F6821 /* InspectorViewController.m in Sources */ = {isa = PBXBuildFile; fileRef = 1AA3C04A233C1400009F6821 /* InspectorViewController.m */; };
		1AA3C04F233C1425009F6821 /* SessionInspectorViewController.m in Sources */ = {isa = PBXBuildFile; fileRef = 1AA3C04D233C1425009F6821 /* SessionInspectorViewController.m */; };
		1AA3C050233C1425009F6821 /* SessionInspectorViewController.xib in Resources */ = {isa = PBXBuildFile; fileRef = 1AA3C04E233C1425009F6821 /* SessionInspectorViewController.xib */; };
		1AA3C054233C1432009F6821 /* OpInspectorViewController.m in Sources */ = {isa = PBXBuildFile; fileRef = 1AA3C052233C1432009F6821 /* OpInspectorViewController.m */; };
		1AA3C055233C1432009F6821 /* OpInspectorViewController.xib in Resources */ = {isa = PBXBuildFile; fileRef = 1AA3C053233C1432009F6821 /* OpInspectorViewController.xib */; };
		1AA3C05A233C1E58009F6821 /* EmptyInspectorViewController.m in Sources */ = {isa = PBXBuildFile; fileRef = 1AA3C058233C1E58009F6821 /* EmptyInspectorViewController.m */; };
		1AA3C05B233C1E58009F6821 /* EmptyInspectorViewController.xib in Resources */ = {isa = PBXBuildFile; fileRef = 1AA3C059233C1E58009F6821 /* EmptyInspectorViewController.xib */; };
		1AA77B0D233FC5400049DEC4 /* FlippedClipView.m in Sources */ = {isa = PBXBuildFile; fileRef = 1AA77B0C233FC5400049DEC4 /* FlippedClipView.m */; };
		1AB8E31123678C610056122B /* NSProgressIndicatorAnimated.m in Sources */ = {isa = PBXBuildFile; fileRef = 1AB8E31023678C610056122B /* NSProgressIndicatorAnimated.m */; };
		1AC1029423328DB300510548 /* SynSession.m in Sources */ = {isa = PBXBuildFile; fileRef = 1AC1029323328DB300510548 /* SynSession.m */; };
		1AC1ED4D2318145E00AAD380 /* HapInAVFoundation.framework in Frameworks */ = {isa = PBXBuildFile; fileRef = 1AC1ED3E2318144500AAD380 /* HapInAVFoundation.framework */; };
		1AC1ED4E2318146400AAD380 /* HapInAVFoundation.framework in Embed Frameworks */ = {isa = PBXBuildFile; fileRef = 1AC1ED3E2318144500AAD380 /* HapInAVFoundation.framework */; settings = {ATTRIBUTES = (CodeSignOnCopy, RemoveHeadersOnCopy, ); }; };
		1AD6237123395C4B0025703E /* SynopsisJobObject.m in Sources */ = {isa = PBXBuildFile; fileRef = 1AFDD45E2316F3C400D7862F /* SynopsisJobObject.m */; };
		1AD8459E232C1E3900416F5C /* AppDelegate.m in Sources */ = {isa = PBXBuildFile; fileRef = 1AD8459D232C1E3900416F5C /* AppDelegate.m */; };
		1AD845A0232C1E3900416F5C /* Images.xcassets in Resources */ = {isa = PBXBuildFile; fileRef = 1AD8459F232C1E3900416F5C /* Images.xcassets */; };
		1AD845A3232C1E3900416F5C /* MainMenu.xib in Resources */ = {isa = PBXBuildFile; fileRef = 1AD845A1232C1E3900416F5C /* MainMenu.xib */; };
		1AD845A6232C1E3900416F5C /* main.m in Sources */ = {isa = PBXBuildFile; fileRef = 1AD845A5232C1E3900416F5C /* main.m */; };
		1ADA766123426A9A0072EB10 /* FSDirectoryWatcher.m in Sources */ = {isa = PBXBuildFile; fileRef = 1ADA766023426A9A0072EB10 /* FSDirectoryWatcher.m */; };
		1AEC50FE233553840053C1B0 /* NSPopUpButtonAdditions.m in Sources */ = {isa = PBXBuildFile; fileRef = 1AEC50FD233553840053C1B0 /* NSPopUpButtonAdditions.m */; };
		1AEC510F2335556C0053C1B0 /* NSMenuAdditions.m in Sources */ = {isa = PBXBuildFile; fileRef = 1AEC510E2335556C0053C1B0 /* NSMenuAdditions.m */; };
		1AEE2F792333C917009193CD /* PresetSettings.m in Sources */ = {isa = PBXBuildFile; fileRef = 1AEE2F782333C917009193CD /* PresetSettings.m */; };
		1AFDD45F2316F3C400D7862F /* SynopsisJobObject.m in Sources */ = {isa = PBXBuildFile; fileRef = 1AFDD45E2316F3C400D7862F /* SynopsisJobObject.m */; };
		1B1FF1482363681400D281FB /* NSColor+SynopsisStatusColors.m in Sources */ = {isa = PBXBuildFile; fileRef = 1B1FF1472363681400D281FB /* NSColor+SynopsisStatusColors.m */; };
		1B454BF523567D1600F3D4A8 /* GPULoadBalancer.m in Sources */ = {isa = PBXBuildFile; fileRef = 1B454BF423567D1600F3D4A8 /* GPULoadBalancer.m */; };
/* End PBXBuildFile section */

/* Begin PBXContainerItemProxy section */
		1A626152231476DD00DC2B06 /* PBXContainerItemProxy */ = {
			isa = PBXContainerItemProxy;
			containerPortal = 1A62614C231476DC00DC2B06 /* Synopsis-Framework.xcodeproj */;
			proxyType = 2;
			remoteGlobalIDString = 1BBB10DD1D5542A200C22439;
			remoteInfo = "Synopsis-macOS";
		};
		1A626154231476DD00DC2B06 /* PBXContainerItemProxy */ = {
			isa = PBXContainerItemProxy;
			containerPortal = 1A62614C231476DC00DC2B06 /* Synopsis-Framework.xcodeproj */;
			proxyType = 2;
			remoteGlobalIDString = 1BFB13381F2135BF002C4651;
			remoteInfo = "Synopsis-Decoder-macOS";
		};
		1A626156231476DD00DC2B06 /* PBXContainerItemProxy */ = {
			isa = PBXContainerItemProxy;
			containerPortal = 1A62614C231476DC00DC2B06 /* Synopsis-Framework.xcodeproj */;
			proxyType = 2;
			remoteGlobalIDString = 1B4446B81EE1FE4A0075575D;
			remoteInfo = "Synopsis-iOS";
		};
		1A626158231476EA00DC2B06 /* PBXContainerItemProxy */ = {
			isa = PBXContainerItemProxy;
			containerPortal = 1A62614C231476DC00DC2B06 /* Synopsis-Framework.xcodeproj */;
			proxyType = 1;
			remoteGlobalIDString = 1BBB10DC1D5542A200C22439;
			remoteInfo = "Synopsis-macOS";
		};
		1A95E8C123296B640088404A /* PBXContainerItemProxy */ = {
			isa = PBXContainerItemProxy;
			containerPortal = 1A62614C231476DC00DC2B06 /* Synopsis-Framework.xcodeproj */;
			proxyType = 1;
			remoteGlobalIDString = 1BBB10DC1D5542A200C22439;
			remoteInfo = "Synopsis-macOS";
		};
		1A95E8C923296B6E0088404A /* PBXContainerItemProxy */ = {
			isa = PBXContainerItemProxy;
			containerPortal = 1AC1ED332318144500AAD380 /* HapInAVFoundation.xcodeproj */;
			proxyType = 1;
			remoteGlobalIDString = 1A97F5AA1A38ABBF00E0DC74;
			remoteInfo = HapInAVFoundation;
		};
		1A9B1EC72331504B007D414A /* PBXContainerItemProxy */ = {
			isa = PBXContainerItemProxy;
			containerPortal = 1A62614C231476DC00DC2B06 /* Synopsis-Framework.xcodeproj */;
			proxyType = 1;
			remoteGlobalIDString = 1BBB10DC1D5542A200C22439;
			remoteInfo = "Synopsis-macOS";
		};
		1A9B1EC92331504B007D414A /* PBXContainerItemProxy */ = {
			isa = PBXContainerItemProxy;
			containerPortal = 1AC1ED332318144500AAD380 /* HapInAVFoundation.xcodeproj */;
			proxyType = 1;
			remoteGlobalIDString = 1A97F5AA1A38ABBF00E0DC74;
			remoteInfo = HapInAVFoundation;
		};
		1AC1ED3D2318144500AAD380 /* PBXContainerItemProxy */ = {
			isa = PBXContainerItemProxy;
			containerPortal = 1AC1ED332318144500AAD380 /* HapInAVFoundation.xcodeproj */;
			proxyType = 2;
			remoteGlobalIDString = 1A97F5AB1A38ABBF00E0DC74;
			remoteInfo = HapInAVFoundation;
		};
		1AC1ED3F2318144500AAD380 /* PBXContainerItemProxy */ = {
			isa = PBXContainerItemProxy;
			containerPortal = 1AC1ED332318144500AAD380 /* HapInAVFoundation.xcodeproj */;
			proxyType = 2;
			remoteGlobalIDString = 1A4D2CCE207E47CD003FE56B;
			remoteInfo = "HapInAVFoundation-static";
		};
		1AC1ED412318144500AAD380 /* PBXContainerItemProxy */ = {
			isa = PBXContainerItemProxy;
			containerPortal = 1AC1ED332318144500AAD380 /* HapInAVFoundation.xcodeproj */;
			proxyType = 2;
			remoteGlobalIDString = 1A3230141A3BA14000DDB2E0;
			remoteInfo = "HapInAVF Test App";
		};
		1AC1ED432318144500AAD380 /* PBXContainerItemProxy */ = {
			isa = PBXContainerItemProxy;
			containerPortal = 1AC1ED332318144500AAD380 /* HapInAVFoundation.xcodeproj */;
			proxyType = 2;
			remoteGlobalIDString = 1A3BABFD1A65239C0065403A;
			remoteInfo = "AVF Batch Converter";
		};
		1AC1ED452318144500AAD380 /* PBXContainerItemProxy */ = {
			isa = PBXContainerItemProxy;
			containerPortal = 1AC1ED332318144500AAD380 /* HapInAVFoundation.xcodeproj */;
			proxyType = 2;
			remoteGlobalIDString = 1AABDE8A207E544000D8F504;
			remoteInfo = AVFtoHap;
		};
		1AC1ED4B2318145A00AAD380 /* PBXContainerItemProxy */ = {
			isa = PBXContainerItemProxy;
			containerPortal = 1AC1ED332318144500AAD380 /* HapInAVFoundation.xcodeproj */;
			proxyType = 1;
			remoteGlobalIDString = 1A97F5AA1A38ABBF00E0DC74;
			remoteInfo = HapInAVFoundation;
		};
/* End PBXContainerItemProxy section */

/* Begin PBXCopyFilesBuildPhase section */
		1A34043D23283C25004A434D /* CopyFiles */ = {
			isa = PBXCopyFilesBuildPhase;
			buildActionMask = 2147483647;
			dstPath = /usr/share/man/man1/;
			dstSubfolderSpec = 0;
			files = (
			);
			runOnlyForDeploymentPostprocessing = 1;
		};
		1A62615C231476F500DC2B06 /* Embed Frameworks */ = {
			isa = PBXCopyFilesBuildPhase;
			buildActionMask = 2147483647;
			dstPath = "";
			dstSubfolderSpec = 10;
			files = (
				1AC1ED4E2318146400AAD380 /* HapInAVFoundation.framework in Embed Frameworks */,
				1A62615D2314770100DC2B06 /* Synopsis.framework in Embed Frameworks */,
			);
			name = "Embed Frameworks";
			runOnlyForDeploymentPostprocessing = 0;
		};
		1A9B1ECD23315055007D414A /* Embed Frameworks */ = {
			isa = PBXCopyFilesBuildPhase;
			buildActionMask = 2147483647;
			dstPath = "";
			dstSubfolderSpec = 10;
			files = (
				1A9B1ED123315076007D414A /* Synopsis.framework in Embed Frameworks */,
				1A9B1ED223315076007D414A /* HapInAVFoundation.framework in Embed Frameworks */,
			);
			name = "Embed Frameworks";
			runOnlyForDeploymentPostprocessing = 0;
		};
/* End PBXCopyFilesBuildPhase section */

/* Begin PBXFileReference section */
		1A1093362330011C00791BDA /* SessionController.h */ = {isa = PBXFileReference; lastKnownFileType = sourcecode.c.h; path = SessionController.h; sourceTree = "<group>"; };
		1A1093372330011C00791BDA /* SessionController.m */ = {isa = PBXFileReference; lastKnownFileType = sourcecode.c.objc; path = SessionController.m; sourceTree = "<group>"; };
		1A1093422330012900791BDA /* LogController.h */ = {isa = PBXFileReference; lastKnownFileType = sourcecode.c.h; path = LogController.h; sourceTree = "<group>"; };
		1A1093432330012900791BDA /* LogController.m */ = {isa = PBXFileReference; lastKnownFileType = sourcecode.c.objc; path = LogController.m; sourceTree = "<group>"; };
		1A1093452330016D00791BDA /* DropFilesView.h */ = {isa = PBXFileReference; lastKnownFileType = sourcecode.c.h; path = DropFilesView.h; sourceTree = "<group>"; };
		1A1093462330016D00791BDA /* DropFilesView.m */ = {isa = PBXFileReference; lastKnownFileType = sourcecode.c.objc; path = DropFilesView.m; sourceTree = "<group>"; };
		1A109348233001A300791BDA /* CustomVisualEffectView.h */ = {isa = PBXFileReference; lastKnownFileType = sourcecode.c.h; path = CustomVisualEffectView.h; sourceTree = "<group>"; };
		1A109349233001A300791BDA /* CustomVisualEffectView.m */ = {isa = PBXFileReference; lastKnownFileType = sourcecode.c.objc; path = CustomVisualEffectView.m; sourceTree = "<group>"; };
		1A10934B233001AE00791BDA /* CustomBackgroundView.h */ = {isa = PBXFileReference; lastKnownFileType = sourcecode.c.h; path = CustomBackgroundView.h; sourceTree = "<group>"; };
		1A10934C233001AE00791BDA /* CustomBackgroundView.m */ = {isa = PBXFileReference; lastKnownFileType = sourcecode.c.objc; path = CustomBackgroundView.m; sourceTree = "<group>"; };
		1A10934E2330023200791BDA /* PreferencesViewController.h */ = {isa = PBXFileReference; lastKnownFileType = sourcecode.c.h; path = PreferencesViewController.h; sourceTree = "<group>"; };
		1A10934F2330023200791BDA /* PreferencesViewController.m */ = {isa = PBXFileReference; lastKnownFileType = sourcecode.c.objc; path = PreferencesViewController.m; sourceTree = "<group>"; };
		1A1093512330024A00791BDA /* PreferencesGeneralViewController.h */ = {isa = PBXFileReference; lastKnownFileType = sourcecode.c.h; path = PreferencesGeneralViewController.h; sourceTree = "<group>"; };
		1A1093522330024A00791BDA /* PreferencesGeneralViewController.m */ = {isa = PBXFileReference; lastKnownFileType = sourcecode.c.objc; path = PreferencesGeneralViewController.m; sourceTree = "<group>"; };
		1A1093532330024A00791BDA /* PreferencesGeneralViewController.xib */ = {isa = PBXFileReference; lastKnownFileType = file.xib; path = PreferencesGeneralViewController.xib; sourceTree = "<group>"; };
		1A1093562330025500791BDA /* PreferencesFileViewController.h */ = {isa = PBXFileReference; lastKnownFileType = sourcecode.c.h; path = PreferencesFileViewController.h; sourceTree = "<group>"; };
		1A1093572330025500791BDA /* PreferencesFileViewController.m */ = {isa = PBXFileReference; lastKnownFileType = sourcecode.c.objc; path = PreferencesFileViewController.m; sourceTree = "<group>"; };
		1A1093582330025500791BDA /* PreferencesFileViewController.xib */ = {isa = PBXFileReference; lastKnownFileType = file.xib; path = PreferencesFileViewController.xib; sourceTree = "<group>"; };
		1A10935B2330025E00791BDA /* PreferencesPresetViewController.h */ = {isa = PBXFileReference; lastKnownFileType = sourcecode.c.h; path = PreferencesPresetViewController.h; sourceTree = "<group>"; };
		1A10935C2330025E00791BDA /* PreferencesPresetViewController.m */ = {isa = PBXFileReference; lastKnownFileType = sourcecode.c.objc; path = PreferencesPresetViewController.m; sourceTree = "<group>"; };
		1A10935D2330025E00791BDA /* PreferencesPresetViewController.xib */ = {isa = PBXFileReference; lastKnownFileType = file.xib; path = PreferencesPresetViewController.xib; sourceTree = "<group>"; };
		1A1093602330026800791BDA /* PreferencesAdvancedViewController.h */ = {isa = PBXFileReference; lastKnownFileType = sourcecode.c.h; path = PreferencesAdvancedViewController.h; sourceTree = "<group>"; };
		1A1093612330026800791BDA /* PreferencesAdvancedViewController.m */ = {isa = PBXFileReference; lastKnownFileType = sourcecode.c.objc; path = PreferencesAdvancedViewController.m; sourceTree = "<group>"; };
		1A1093622330026800791BDA /* PreferencesAdvancedViewController.xib */ = {isa = PBXFileReference; lastKnownFileType = file.xib; path = PreferencesAdvancedViewController.xib; sourceTree = "<group>"; };
		1A1093652330027600791BDA /* PresetObject.h */ = {isa = PBXFileReference; lastKnownFileType = sourcecode.c.h; path = PresetObject.h; sourceTree = "<group>"; };
		1A1093662330027600791BDA /* PresetObject.m */ = {isa = PBXFileReference; lastKnownFileType = sourcecode.c.objc; path = PresetObject.m; sourceTree = "<group>"; };
		1A1093682330027C00791BDA /* PresetGroup.h */ = {isa = PBXFileReference; lastKnownFileType = sourcecode.c.h; path = PresetGroup.h; sourceTree = "<group>"; };
		1A1093692330027C00791BDA /* PresetGroup.m */ = {isa = PBXFileReference; lastKnownFileType = sourcecode.c.objc; path = PresetGroup.m; sourceTree = "<group>"; };
		1A10936C233002D800791BDA /* SynOp.h */ = {isa = PBXFileReference; lastKnownFileType = sourcecode.c.h; path = SynOp.h; sourceTree = "<group>"; };
		1A10936D233002D800791BDA /* SynOp.m */ = {isa = PBXFileReference; lastKnownFileType = sourcecode.c.objc; path = SynOp.m; sourceTree = "<group>"; };
		1A1093742330205100791BDA /* SessionRowView.h */ = {isa = PBXFileReference; lastKnownFileType = sourcecode.c.h; path = SessionRowView.h; sourceTree = "<group>"; };
		1A1093752330205100791BDA /* SessionRowView.m */ = {isa = PBXFileReference; lastKnownFileType = sourcecode.c.objc; path = SessionRowView.m; sourceTree = "<group>"; };
		1A1093762330205100791BDA /* SessionRowView.xib */ = {isa = PBXFileReference; lastKnownFileType = file.xib; path = SessionRowView.xib; sourceTree = "<group>"; };
		1A1093792330205800791BDA /* OpRowView.h */ = {isa = PBXFileReference; lastKnownFileType = sourcecode.c.h; path = OpRowView.h; sourceTree = "<group>"; };
		1A10937A2330205800791BDA /* OpRowView.m */ = {isa = PBXFileReference; lastKnownFileType = sourcecode.c.objc; path = OpRowView.m; sourceTree = "<group>"; };
		1A10937B2330205800791BDA /* OpRowView.xib */ = {isa = PBXFileReference; lastKnownFileType = file.xib; path = OpRowView.xib; sourceTree = "<group>"; };
		1A2B9FBF2368BF8E008D4F6A /* UserNotifications.framework */ = {isa = PBXFileReference; lastKnownFileType = wrapper.framework; name = UserNotifications.framework; path = System/Library/Frameworks/UserNotifications.framework; sourceTree = SDKROOT; };
		1A2BA000236A3AE7008D4F6A /* PrefsPathPickerAbstraction.h */ = {isa = PBXFileReference; lastKnownFileType = sourcecode.c.h; path = PrefsPathPickerAbstraction.h; sourceTree = "<group>"; };
		1A2BA001236A3AE7008D4F6A /* PrefsPathPickerAbstraction.m */ = {isa = PBXFileReference; lastKnownFileType = sourcecode.c.objc; path = PrefsPathPickerAbstraction.m; sourceTree = "<group>"; };
		1A34043F23283C25004A434D /* synopsis_cli */ = {isa = PBXFileReference; explicitFileType = "compiled.mach-o.executable"; includeInIndex = 0; path = synopsis_cli; sourceTree = BUILT_PRODUCTS_DIR; };
		1A34044123283C25004A434D /* main.m */ = {isa = PBXFileReference; lastKnownFileType = sourcecode.c.objc; path = main.m; sourceTree = "<group>"; };
		1A3EBFA3235F8E03007AB5B1 /* SessionStateButton.h */ = {isa = PBXFileReference; fileEncoding = 4; lastKnownFileType = sourcecode.c.h; path = SessionStateButton.h; sourceTree = "<group>"; };
		1A3EBFAA235F8E03007AB5B1 /* SessionStateButton.m */ = {isa = PBXFileReference; fileEncoding = 4; lastKnownFileType = sourcecode.c.objc; path = SessionStateButton.m; sourceTree = "<group>"; };
		1A55FD7D2343F78E007CA355 /* PresetSettingsUIController.h */ = {isa = PBXFileReference; lastKnownFileType = sourcecode.c.h; path = PresetSettingsUIController.h; sourceTree = "<group>"; };
		1A55FD7E2343F78E007CA355 /* PresetSettingsUIController.m */ = {isa = PBXFileReference; lastKnownFileType = sourcecode.c.objc; path = PresetSettingsUIController.m; sourceTree = "<group>"; };
		1A58E286235E1254003B6A6F /* VVLogger.h */ = {isa = PBXFileReference; fileEncoding = 4; lastKnownFileType = sourcecode.c.h; name = VVLogger.h; path = "Synopsis Analyzer/VVLogger.h"; sourceTree = SOURCE_ROOT; };
		1A58E28D235E1254003B6A6F /* VVLogger.mm */ = {isa = PBXFileReference; fileEncoding = 4; lastKnownFileType = sourcecode.cpp.objcpp; name = VVLogger.mm; path = "Synopsis Analyzer/VVLogger.mm"; sourceTree = SOURCE_ROOT; };
		1A58E2BE235F4021003B6A6F /* CustomOutlineView.h */ = {isa = PBXFileReference; lastKnownFileType = sourcecode.c.h; path = CustomOutlineView.h; sourceTree = "<group>"; };
		1A58E2BF235F4021003B6A6F /* CustomOutlineView.m */ = {isa = PBXFileReference; lastKnownFileType = sourcecode.c.objc; path = CustomOutlineView.m; sourceTree = "<group>"; };
		1A58E2C7235F75EA003B6A6F /* ITProgressIndicator.h */ = {isa = PBXFileReference; fileEncoding = 4; lastKnownFileType = sourcecode.c.h; path = ITProgressIndicator.h; sourceTree = "<group>"; };
		1A58E2C8235F75EA003B6A6F /* ITProgressIndicator.m */ = {isa = PBXFileReference; fileEncoding = 4; lastKnownFileType = sourcecode.c.objc; path = ITProgressIndicator.m; sourceTree = "<group>"; };
		1A626138231476CF00DC2B06 /* SynopsisCleanRoom.app */ = {isa = PBXFileReference; explicitFileType = wrapper.application; includeInIndex = 0; path = SynopsisCleanRoom.app; sourceTree = BUILT_PRODUCTS_DIR; };
		1A62613B231476CF00DC2B06 /* AppDelegate.h */ = {isa = PBXFileReference; lastKnownFileType = sourcecode.c.h; path = AppDelegate.h; sourceTree = "<group>"; };
		1A62613C231476CF00DC2B06 /* AppDelegate.m */ = {isa = PBXFileReference; lastKnownFileType = sourcecode.c.objc; path = AppDelegate.m; sourceTree = "<group>"; };
		1A62613E231476D000DC2B06 /* Assets.xcassets */ = {isa = PBXFileReference; lastKnownFileType = folder.assetcatalog; path = Assets.xcassets; sourceTree = "<group>"; };
		1A626141231476D000DC2B06 /* Base */ = {isa = PBXFileReference; lastKnownFileType = file.xib; name = Base; path = Base.lproj/MainMenu.xib; sourceTree = "<group>"; };
		1A626143231476D000DC2B06 /* Info.plist */ = {isa = PBXFileReference; lastKnownFileType = text.plist.xml; path = Info.plist; sourceTree = "<group>"; };
		1A626144231476D000DC2B06 /* main.m */ = {isa = PBXFileReference; lastKnownFileType = sourcecode.c.objc; path = main.m; sourceTree = "<group>"; };
		1A626146231476D000DC2B06 /* SynopsisCleanRoom.entitlements */ = {isa = PBXFileReference; lastKnownFileType = text.plist.entitlements; path = SynopsisCleanRoom.entitlements; sourceTree = "<group>"; };
		1A62614C231476DC00DC2B06 /* Synopsis-Framework.xcodeproj */ = {isa = PBXFileReference; lastKnownFileType = "wrapper.pb-project"; name = "Synopsis-Framework.xcodeproj"; path = "./Synopsis-Framework/Synopsis/Synopsis-Framework.xcodeproj"; sourceTree = "<group>"; };
		1A85F567233ED6FE00541CFB /* CoreMedia.framework */ = {isa = PBXFileReference; lastKnownFileType = wrapper.framework; name = CoreMedia.framework; path = System/Library/Frameworks/CoreMedia.framework; sourceTree = SDKROOT; };
		1A85F56F233EDE5A00541CFB /* NSStringAdditions.h */ = {isa = PBXFileReference; lastKnownFileType = sourcecode.c.h; path = NSStringAdditions.h; sourceTree = "<group>"; };
		1A85F570233EDE5A00541CFB /* NSStringAdditions.m */ = {isa = PBXFileReference; lastKnownFileType = sourcecode.c.objc; path = NSStringAdditions.m; sourceTree = "<group>"; };
		1A9B1EBB23314B72007D414A /* PrefsController.h */ = {isa = PBXFileReference; lastKnownFileType = sourcecode.c.h; path = PrefsController.h; sourceTree = "<group>"; };
		1A9B1EBC23314B72007D414A /* PrefsController.m */ = {isa = PBXFileReference; lastKnownFileType = sourcecode.c.objc; path = PrefsController.m; sourceTree = "<group>"; };
		1A9B1EBD23314B73007D414A /* PrefsController.xib */ = {isa = PBXFileReference; lastKnownFileType = file.xib; path = PrefsController.xib; sourceTree = "<group>"; };
		1A9B1EC223314C1C007D414A /* LogController.xib */ = {isa = PBXFileReference; lastKnownFileType = file.xib; path = LogController.xib; sourceTree = "<group>"; };
		1A9B1ED3233155B9007D414A /* Constants.h */ = {isa = PBXFileReference; fileEncoding = 4; lastKnownFileType = sourcecode.c.h; name = Constants.h; path = "Synopsis Analyzer/Constants.h"; sourceTree = SOURCE_ROOT; };
		1AA3C049233C1400009F6821 /* InspectorViewController.h */ = {isa = PBXFileReference; lastKnownFileType = sourcecode.c.h; path = InspectorViewController.h; sourceTree = "<group>"; };
		1AA3C04A233C1400009F6821 /* InspectorViewController.m */ = {isa = PBXFileReference; lastKnownFileType = sourcecode.c.objc; path = InspectorViewController.m; sourceTree = "<group>"; };
		1AA3C04C233C1425009F6821 /* SessionInspectorViewController.h */ = {isa = PBXFileReference; lastKnownFileType = sourcecode.c.h; path = SessionInspectorViewController.h; sourceTree = "<group>"; };
		1AA3C04D233C1425009F6821 /* SessionInspectorViewController.m */ = {isa = PBXFileReference; lastKnownFileType = sourcecode.c.objc; path = SessionInspectorViewController.m; sourceTree = "<group>"; };
		1AA3C04E233C1425009F6821 /* SessionInspectorViewController.xib */ = {isa = PBXFileReference; lastKnownFileType = file.xib; path = SessionInspectorViewController.xib; sourceTree = "<group>"; };
		1AA3C051233C1432009F6821 /* OpInspectorViewController.h */ = {isa = PBXFileReference; lastKnownFileType = sourcecode.c.h; path = OpInspectorViewController.h; sourceTree = "<group>"; };
		1AA3C052233C1432009F6821 /* OpInspectorViewController.m */ = {isa = PBXFileReference; lastKnownFileType = sourcecode.c.objc; path = OpInspectorViewController.m; sourceTree = "<group>"; };
		1AA3C053233C1432009F6821 /* OpInspectorViewController.xib */ = {isa = PBXFileReference; lastKnownFileType = file.xib; path = OpInspectorViewController.xib; sourceTree = "<group>"; };
		1AA3C057233C1E58009F6821 /* EmptyInspectorViewController.h */ = {isa = PBXFileReference; lastKnownFileType = sourcecode.c.h; path = EmptyInspectorViewController.h; sourceTree = "<group>"; };
		1AA3C058233C1E58009F6821 /* EmptyInspectorViewController.m */ = {isa = PBXFileReference; lastKnownFileType = sourcecode.c.objc; path = EmptyInspectorViewController.m; sourceTree = "<group>"; };
		1AA3C059233C1E58009F6821 /* EmptyInspectorViewController.xib */ = {isa = PBXFileReference; lastKnownFileType = file.xib; path = EmptyInspectorViewController.xib; sourceTree = "<group>"; };
		1AA77B0B233FC5400049DEC4 /* FlippedClipView.h */ = {isa = PBXFileReference; lastKnownFileType = sourcecode.c.h; path = FlippedClipView.h; sourceTree = "<group>"; };
		1AA77B0C233FC5400049DEC4 /* FlippedClipView.m */ = {isa = PBXFileReference; lastKnownFileType = sourcecode.c.objc; path = FlippedClipView.m; sourceTree = "<group>"; };
		1AB8E30F23678C610056122B /* NSProgressIndicatorAnimated.h */ = {isa = PBXFileReference; lastKnownFileType = sourcecode.c.h; path = NSProgressIndicatorAnimated.h; sourceTree = "<group>"; };
		1AB8E31023678C610056122B /* NSProgressIndicatorAnimated.m */ = {isa = PBXFileReference; lastKnownFileType = sourcecode.c.objc; path = NSProgressIndicatorAnimated.m; sourceTree = "<group>"; };
		1AC1029223328DB300510548 /* SynSession.h */ = {isa = PBXFileReference; lastKnownFileType = sourcecode.c.h; path = SynSession.h; sourceTree = "<group>"; };
		1AC1029323328DB300510548 /* SynSession.m */ = {isa = PBXFileReference; lastKnownFileType = sourcecode.c.objc; path = SynSession.m; sourceTree = "<group>"; };
		1AC1ED332318144500AAD380 /* HapInAVFoundation.xcodeproj */ = {isa = PBXFileReference; lastKnownFileType = "wrapper.pb-project"; name = HapInAVFoundation.xcodeproj; path = ./HapInAVFoundation/HapInAVFoundation.xcodeproj; sourceTree = "<group>"; };
		1AD8459A232C1E3900416F5C /* Synopsis Analyzer.app */ = {isa = PBXFileReference; explicitFileType = wrapper.application; includeInIndex = 0; path = "Synopsis Analyzer.app"; sourceTree = BUILT_PRODUCTS_DIR; };
		1AD8459C232C1E3900416F5C /* AppDelegate.h */ = {isa = PBXFileReference; lastKnownFileType = sourcecode.c.h; path = AppDelegate.h; sourceTree = "<group>"; };
		1AD8459D232C1E3900416F5C /* AppDelegate.m */ = {isa = PBXFileReference; lastKnownFileType = sourcecode.c.objc; path = AppDelegate.m; sourceTree = "<group>"; };
		1AD8459F232C1E3900416F5C /* Images.xcassets */ = {isa = PBXFileReference; lastKnownFileType = folder.assetcatalog; path = Images.xcassets; sourceTree = "<group>"; };
		1AD845A2232C1E3900416F5C /* Base */ = {isa = PBXFileReference; lastKnownFileType = file.xib; name = Base; path = Base.lproj/MainMenu.xib; sourceTree = "<group>"; };
		1AD845A4232C1E3900416F5C /* Info.plist */ = {isa = PBXFileReference; lastKnownFileType = text.plist.xml; path = Info.plist; sourceTree = "<group>"; };
		1AD845A5232C1E3900416F5C /* main.m */ = {isa = PBXFileReference; lastKnownFileType = sourcecode.c.objc; path = main.m; sourceTree = "<group>"; };
		1AD845A7232C1E3900416F5C /* Synopsis_Analyzer.entitlements */ = {isa = PBXFileReference; lastKnownFileType = text.plist.entitlements; path = Synopsis_Analyzer.entitlements; sourceTree = "<group>"; };
		1ADA765F23426A9A0072EB10 /* FSDirectoryWatcher.h */ = {isa = PBXFileReference; lastKnownFileType = sourcecode.c.h; path = FSDirectoryWatcher.h; sourceTree = "<group>"; };
		1ADA766023426A9A0072EB10 /* FSDirectoryWatcher.m */ = {isa = PBXFileReference; lastKnownFileType = sourcecode.c.objc; path = FSDirectoryWatcher.m; sourceTree = "<group>"; };
		1AEC50FC233553840053C1B0 /* NSPopUpButtonAdditions.h */ = {isa = PBXFileReference; lastKnownFileType = sourcecode.c.h; path = NSPopUpButtonAdditions.h; sourceTree = "<group>"; };
		1AEC50FD233553840053C1B0 /* NSPopUpButtonAdditions.m */ = {isa = PBXFileReference; lastKnownFileType = sourcecode.c.objc; path = NSPopUpButtonAdditions.m; sourceTree = "<group>"; };
		1AEC510D2335556C0053C1B0 /* NSMenuAdditions.h */ = {isa = PBXFileReference; lastKnownFileType = sourcecode.c.h; path = NSMenuAdditions.h; sourceTree = "<group>"; };
		1AEC510E2335556C0053C1B0 /* NSMenuAdditions.m */ = {isa = PBXFileReference; lastKnownFileType = sourcecode.c.objc; path = NSMenuAdditions.m; sourceTree = "<group>"; };
		1AEE2F772333C917009193CD /* PresetSettings.h */ = {isa = PBXFileReference; lastKnownFileType = sourcecode.c.h; path = PresetSettings.h; sourceTree = "<group>"; };
		1AEE2F782333C917009193CD /* PresetSettings.m */ = {isa = PBXFileReference; lastKnownFileType = sourcecode.c.objc; path = PresetSettings.m; sourceTree = "<group>"; };
		1AFDD45D2316F3C400D7862F /* SynopsisJobObject.h */ = {isa = PBXFileReference; lastKnownFileType = sourcecode.c.h; path = SynopsisJobObject.h; sourceTree = "<group>"; };
		1AFDD45E2316F3C400D7862F /* SynopsisJobObject.m */ = {isa = PBXFileReference; lastKnownFileType = sourcecode.c.objc; path = SynopsisJobObject.m; sourceTree = "<group>"; };
		1B1FF1462363681400D281FB /* NSColor+SynopsisStatusColors.h */ = {isa = PBXFileReference; lastKnownFileType = sourcecode.c.h; path = "NSColor+SynopsisStatusColors.h"; sourceTree = "<group>"; };
		1B1FF1472363681400D281FB /* NSColor+SynopsisStatusColors.m */ = {isa = PBXFileReference; lastKnownFileType = sourcecode.c.objc; path = "NSColor+SynopsisStatusColors.m"; sourceTree = "<group>"; };
		1B454BF323567D1600F3D4A8 /* GPULoadBalancer.h */ = {isa = PBXFileReference; lastKnownFileType = sourcecode.c.h; path = GPULoadBalancer.h; sourceTree = "<group>"; };
		1B454BF423567D1600F3D4A8 /* GPULoadBalancer.m */ = {isa = PBXFileReference; lastKnownFileType = sourcecode.c.objc; path = GPULoadBalancer.m; sourceTree = "<group>"; };
/* End PBXFileReference section */

/* Begin PBXFrameworksBuildPhase section */
		1A34043C23283C25004A434D /* Frameworks */ = {
			isa = PBXFrameworksBuildPhase;
			buildActionMask = 2147483647;
			files = (
				1A34044C23283EFA004A434D /* HapInAVFoundation.framework in Frameworks */,
				1A34044D23283EFA004A434D /* Synopsis.framework in Frameworks */,
			);
			runOnlyForDeploymentPostprocessing = 0;
		};
		1A626135231476CF00DC2B06 /* Frameworks */ = {
			isa = PBXFrameworksBuildPhase;
			buildActionMask = 2147483647;
			files = (
				1AC1ED4D2318145E00AAD380 /* HapInAVFoundation.framework in Frameworks */,
				1A62615B231476F000DC2B06 /* Synopsis.framework in Frameworks */,
			);
			runOnlyForDeploymentPostprocessing = 0;
		};
		1AD84597232C1E3900416F5C /* Frameworks */ = {
			isa = PBXFrameworksBuildPhase;
			buildActionMask = 2147483647;
			files = (
				1A2B9FC62368BF8E008D4F6A /* UserNotifications.framework in Frameworks */,
				1A85F56E233ED6FE00541CFB /* CoreMedia.framework in Frameworks */,
				1A9B1ECB23315051007D414A /* HapInAVFoundation.framework in Frameworks */,
				1A9B1ECC23315051007D414A /* Synopsis.framework in Frameworks */,
			);
			runOnlyForDeploymentPostprocessing = 0;
		};
/* End PBXFrameworksBuildPhase section */

/* Begin PBXGroup section */
		1A10936B2330028A00791BDA /* Preferences */ = {
			isa = PBXGroup;
			children = (
				1A10934E2330023200791BDA /* PreferencesViewController.h */,
				1A10934F2330023200791BDA /* PreferencesViewController.m */,
				1A1093512330024A00791BDA /* PreferencesGeneralViewController.h */,
				1A1093522330024A00791BDA /* PreferencesGeneralViewController.m */,
				1A1093532330024A00791BDA /* PreferencesGeneralViewController.xib */,
				1A1093562330025500791BDA /* PreferencesFileViewController.h */,
				1A1093572330025500791BDA /* PreferencesFileViewController.m */,
				1A1093582330025500791BDA /* PreferencesFileViewController.xib */,
				1A10935B2330025E00791BDA /* PreferencesPresetViewController.h */,
				1A10935C2330025E00791BDA /* PreferencesPresetViewController.m */,
				1A10935D2330025E00791BDA /* PreferencesPresetViewController.xib */,
				1A1093602330026800791BDA /* PreferencesAdvancedViewController.h */,
				1A1093612330026800791BDA /* PreferencesAdvancedViewController.m */,
				1A1093622330026800791BDA /* PreferencesAdvancedViewController.xib */,
				1A1093652330027600791BDA /* PresetObject.h */,
				1A1093662330027600791BDA /* PresetObject.m */,
				1A1093682330027C00791BDA /* PresetGroup.h */,
				1A1093692330027C00791BDA /* PresetGroup.m */,
				1AEE2F772333C917009193CD /* PresetSettings.h */,
				1AEE2F782333C917009193CD /* PresetSettings.m */,
				1A55FD7D2343F78E007CA355 /* PresetSettingsUIController.h */,
				1A55FD7E2343F78E007CA355 /* PresetSettingsUIController.m */,
			);
			path = Preferences;
			sourceTree = "<group>";
		};
		1A10936F233002E200791BDA /* Session-related */ = {
			isa = PBXGroup;
			children = (
				1B454BF323567D1600F3D4A8 /* GPULoadBalancer.h */,
				1B454BF423567D1600F3D4A8 /* GPULoadBalancer.m */,
				1AC1029223328DB300510548 /* SynSession.h */,
				1AC1029323328DB300510548 /* SynSession.m */,
				1A10936C233002D800791BDA /* SynOp.h */,
				1A10936D233002D800791BDA /* SynOp.m */,
				1A1093742330205100791BDA /* SessionRowView.h */,
				1A1093752330205100791BDA /* SessionRowView.m */,
				1A1093762330205100791BDA /* SessionRowView.xib */,
				1A1093792330205800791BDA /* OpRowView.h */,
				1A10937A2330205800791BDA /* OpRowView.m */,
				1A10937B2330205800791BDA /* OpRowView.xib */,
			);
			path = "Session-related";
			sourceTree = "<group>";
		};
		1A109370233002FD00791BDA /* misc */ = {
			isa = PBXGroup;
			children = (
				1A9B1ED3233155B9007D414A /* Constants.h */,
				1A1093452330016D00791BDA /* DropFilesView.h */,
				1A1093462330016D00791BDA /* DropFilesView.m */,
				1A109348233001A300791BDA /* CustomVisualEffectView.h */,
				1A109349233001A300791BDA /* CustomVisualEffectView.m */,
				1A10934B233001AE00791BDA /* CustomBackgroundView.h */,
				1A10934C233001AE00791BDA /* CustomBackgroundView.m */,
				1AEC50FC233553840053C1B0 /* NSPopUpButtonAdditions.h */,
				1AEC50FD233553840053C1B0 /* NSPopUpButtonAdditions.m */,
				1AEC510D2335556C0053C1B0 /* NSMenuAdditions.h */,
				1AEC510E2335556C0053C1B0 /* NSMenuAdditions.m */,
				1A85F56F233EDE5A00541CFB /* NSStringAdditions.h */,
				1A85F570233EDE5A00541CFB /* NSStringAdditions.m */,
				1AA77B0B233FC5400049DEC4 /* FlippedClipView.h */,
				1AA77B0C233FC5400049DEC4 /* FlippedClipView.m */,
				1A58E286235E1254003B6A6F /* VVLogger.h */,
				1A58E28D235E1254003B6A6F /* VVLogger.mm */,
				1ADA765F23426A9A0072EB10 /* FSDirectoryWatcher.h */,
				1ADA766023426A9A0072EB10 /* FSDirectoryWatcher.m */,
				1A58E2BE235F4021003B6A6F /* CustomOutlineView.h */,
				1A58E2BF235F4021003B6A6F /* CustomOutlineView.m */,
				1A58E2C7235F75EA003B6A6F /* ITProgressIndicator.h */,
				1A58E2C8235F75EA003B6A6F /* ITProgressIndicator.m */,
				1A3EBFA3235F8E03007AB5B1 /* SessionStateButton.h */,
				1A3EBFAA235F8E03007AB5B1 /* SessionStateButton.m */,
				1B1FF1462363681400D281FB /* NSColor+SynopsisStatusColors.h */,
				1B1FF1472363681400D281FB /* NSColor+SynopsisStatusColors.m */,
				1AB8E30F23678C610056122B /* NSProgressIndicatorAnimated.h */,
				1AB8E31023678C610056122B /* NSProgressIndicatorAnimated.m */,
				1A2BA000236A3AE7008D4F6A /* PrefsPathPickerAbstraction.h */,
				1A2BA001236A3AE7008D4F6A /* PrefsPathPickerAbstraction.m */,
			);
			path = misc;
			sourceTree = "<group>";
		};
		1A34044023283C25004A434D /* synopsis_cli */ = {
			isa = PBXGroup;
			children = (
				1A34044123283C25004A434D /* main.m */,
			);
			path = synopsis_cli;
			sourceTree = "<group>";
		};
		1A62612F231476CF00DC2B06 = {
			isa = PBXGroup;
			children = (
				1A62613A231476CF00DC2B06 /* SynopsisCleanRoom */,
				1A34044023283C25004A434D /* synopsis_cli */,
				1AD8459B232C1E3900416F5C /* Synopsis Analyzer */,
				1A626139231476CF00DC2B06 /* Products */,
				1A62614C231476DC00DC2B06 /* Synopsis-Framework.xcodeproj */,
				1AC1ED332318144500AAD380 /* HapInAVFoundation.xcodeproj */,
				1A62615A231476F000DC2B06 /* Frameworks */,
			);
			sourceTree = "<group>";
		};
		1A626139231476CF00DC2B06 /* Products */ = {
			isa = PBXGroup;
			children = (
				1A626138231476CF00DC2B06 /* SynopsisCleanRoom.app */,
				1A34043F23283C25004A434D /* synopsis_cli */,
				1AD8459A232C1E3900416F5C /* Synopsis Analyzer.app */,
			);
			name = Products;
			sourceTree = "<group>";
		};
		1A62613A231476CF00DC2B06 /* SynopsisCleanRoom */ = {
			isa = PBXGroup;
			children = (
				1A62613B231476CF00DC2B06 /* AppDelegate.h */,
				1A62613C231476CF00DC2B06 /* AppDelegate.m */,
				1A62613E231476D000DC2B06 /* Assets.xcassets */,
				1A626140231476D000DC2B06 /* MainMenu.xib */,
				1A626143231476D000DC2B06 /* Info.plist */,
				1A626144231476D000DC2B06 /* main.m */,
				1A626146231476D000DC2B06 /* SynopsisCleanRoom.entitlements */,
				1AFDD45D2316F3C400D7862F /* SynopsisJobObject.h */,
				1AFDD45E2316F3C400D7862F /* SynopsisJobObject.m */,
			);
			path = SynopsisCleanRoom;
			sourceTree = "<group>";
		};
		1A62614D231476DC00DC2B06 /* Products */ = {
			isa = PBXGroup;
			children = (
				1A626153231476DD00DC2B06 /* Synopsis.framework */,
				1A626155231476DD00DC2B06 /* Synopsis.framework */,
				1A626157231476DD00DC2B06 /* Synopsis.framework */,
			);
			name = Products;
			sourceTree = "<group>";
		};
		1A62615A231476F000DC2B06 /* Frameworks */ = {
			isa = PBXGroup;
			children = (
				1A2B9FBF2368BF8E008D4F6A /* UserNotifications.framework */,
				1A85F567233ED6FE00541CFB /* CoreMedia.framework */,
			);
			name = Frameworks;
			sourceTree = "<group>";
		};
		1AA3C056233C143D009F6821 /* Inspector-related */ = {
			isa = PBXGroup;
			children = (
				1AA3C04C233C1425009F6821 /* SessionInspectorViewController.h */,
				1AA3C04D233C1425009F6821 /* SessionInspectorViewController.m */,
				1AA3C04E233C1425009F6821 /* SessionInspectorViewController.xib */,
				1AA3C051233C1432009F6821 /* OpInspectorViewController.h */,
				1AA3C052233C1432009F6821 /* OpInspectorViewController.m */,
				1AA3C053233C1432009F6821 /* OpInspectorViewController.xib */,
				1AA3C057233C1E58009F6821 /* EmptyInspectorViewController.h */,
				1AA3C058233C1E58009F6821 /* EmptyInspectorViewController.m */,
				1AA3C059233C1E58009F6821 /* EmptyInspectorViewController.xib */,
			);
			path = "Inspector-related";
			sourceTree = "<group>";
		};
		1AC1ED342318144500AAD380 /* Products */ = {
			isa = PBXGroup;
			children = (
				1AC1ED3E2318144500AAD380 /* HapInAVFoundation.framework */,
				1AC1ED402318144500AAD380 /* libHapInAVFoundation.a */,
				1AC1ED422318144500AAD380 /* HapInAVF Test App.app */,
				1AC1ED442318144500AAD380 /* AVF Batch Converter.app */,
				1AC1ED462318144500AAD380 /* AVFtoHap */,
			);
			name = Products;
			sourceTree = "<group>";
		};
		1AD8459B232C1E3900416F5C /* Synopsis Analyzer */ = {
			isa = PBXGroup;
			children = (
				1AD8459C232C1E3900416F5C /* AppDelegate.h */,
				1AD8459D232C1E3900416F5C /* AppDelegate.m */,
				1AD8459F232C1E3900416F5C /* Images.xcassets */,
				1AD845A1232C1E3900416F5C /* MainMenu.xib */,
				1AD845A4232C1E3900416F5C /* Info.plist */,
				1AD845A5232C1E3900416F5C /* main.m */,
				1AD845A7232C1E3900416F5C /* Synopsis_Analyzer.entitlements */,
				1AA3C049233C1400009F6821 /* InspectorViewController.h */,
				1AA3C04A233C1400009F6821 /* InspectorViewController.m */,
				1AA3C056233C143D009F6821 /* Inspector-related */,
				1A1093362330011C00791BDA /* SessionController.h */,
				1A1093372330011C00791BDA /* SessionController.m */,
				1A10936F233002E200791BDA /* Session-related */,
				1A9B1EBB23314B72007D414A /* PrefsController.h */,
				1A9B1EBC23314B72007D414A /* PrefsController.m */,
				1A9B1EBD23314B73007D414A /* PrefsController.xib */,
				1A10936B2330028A00791BDA /* Preferences */,
				1A1093422330012900791BDA /* LogController.h */,
				1A1093432330012900791BDA /* LogController.m */,
				1A9B1EC223314C1C007D414A /* LogController.xib */,
				1A109370233002FD00791BDA /* misc */,
			);
			path = "Synopsis Analyzer";
			sourceTree = "<group>";
		};
/* End PBXGroup section */

/* Begin PBXNativeTarget section */
		1A34043E23283C25004A434D /* synopsis_cli */ = {
			isa = PBXNativeTarget;
			buildConfigurationList = 1A34044B23283C25004A434D /* Build configuration list for PBXNativeTarget "synopsis_cli" */;
			buildPhases = (
				1A34043B23283C25004A434D /* Sources */,
				1A34043C23283C25004A434D /* Frameworks */,
				1A34043D23283C25004A434D /* CopyFiles */,
			);
			buildRules = (
			);
			dependencies = (
				1A95E8CA23296B6E0088404A /* PBXTargetDependency */,
				1A95E8C223296B640088404A /* PBXTargetDependency */,
			);
			name = synopsis_cli;
			productName = synopsis_cli;
			productReference = 1A34043F23283C25004A434D /* synopsis_cli */;
			productType = "com.apple.product-type.tool";
		};
		1A626137231476CF00DC2B06 /* SynopsisCleanRoom */ = {
			isa = PBXNativeTarget;
			buildConfigurationList = 1A626149231476D000DC2B06 /* Build configuration list for PBXNativeTarget "SynopsisCleanRoom" */;
			buildPhases = (
				1A626134231476CF00DC2B06 /* Sources */,
				1A626135231476CF00DC2B06 /* Frameworks */,
				1A626136231476CF00DC2B06 /* Resources */,
				1A62615C231476F500DC2B06 /* Embed Frameworks */,
			);
			buildRules = (
			);
			dependencies = (
				1AC1ED4C2318145A00AAD380 /* PBXTargetDependency */,
				1A626159231476EA00DC2B06 /* PBXTargetDependency */,
			);
			name = SynopsisCleanRoom;
			productName = SynopsisCleanRoom;
			productReference = 1A626138231476CF00DC2B06 /* SynopsisCleanRoom.app */;
			productType = "com.apple.product-type.application";
		};
		1AD84599232C1E3900416F5C /* Synopsis Analyzer */ = {
			isa = PBXNativeTarget;
			buildConfigurationList = 1AD845B0232C1E3900416F5C /* Build configuration list for PBXNativeTarget "Synopsis Analyzer" */;
			buildPhases = (
				1AD84596232C1E3900416F5C /* Sources */,
				1AD84597232C1E3900416F5C /* Frameworks */,
				1AD84598232C1E3900416F5C /* Resources */,
				1A9B1ECD23315055007D414A /* Embed Frameworks */,
			);
			buildRules = (
			);
			dependencies = (
				1A9B1EC82331504B007D414A /* PBXTargetDependency */,
				1A9B1ECA2331504B007D414A /* PBXTargetDependency */,
			);
			name = "Synopsis Analyzer";
			productName = "Synopsis Analyzer";
			productReference = 1AD8459A232C1E3900416F5C /* Synopsis Analyzer.app */;
			productType = "com.apple.product-type.application";
		};
/* End PBXNativeTarget section */

/* Begin PBXProject section */
		1A626130231476CF00DC2B06 /* Project object */ = {
			isa = PBXProject;
			attributes = {
				LastUpgradeCheck = 1030;
				ORGANIZATIONNAME = yourcompany;
				TargetAttributes = {
					1A34043E23283C25004A434D = {
						CreatedOnToolsVersion = 10.3;
					};
					1A626137231476CF00DC2B06 = {
						CreatedOnToolsVersion = 10.3;
						SystemCapabilities = {
							com.apple.Sandbox = {
								enabled = 0;
							};
						};
					};
					1AD84599232C1E3900416F5C = {
						CreatedOnToolsVersion = 10.3;
						SystemCapabilities = {
							com.apple.Sandbox = {
								enabled = 0;
							};
						};
					};
				};
			};
			buildConfigurationList = 1A626133231476CF00DC2B06 /* Build configuration list for PBXProject "SynopsisCleanRoom" */;
			compatibilityVersion = "Xcode 9.3";
			developmentRegion = en;
			hasScannedForEncodings = 0;
			knownRegions = (
				en,
				Base,
			);
			mainGroup = 1A62612F231476CF00DC2B06;
			productRefGroup = 1A626139231476CF00DC2B06 /* Products */;
			projectDirPath = "";
			projectReferences = (
				{
					ProductGroup = 1AC1ED342318144500AAD380 /* Products */;
					ProjectRef = 1AC1ED332318144500AAD380 /* HapInAVFoundation.xcodeproj */;
				},
				{
					ProductGroup = 1A62614D231476DC00DC2B06 /* Products */;
					ProjectRef = 1A62614C231476DC00DC2B06 /* Synopsis-Framework.xcodeproj */;
				},
			);
			projectRoot = "";
			targets = (
				1A626137231476CF00DC2B06 /* SynopsisCleanRoom */,
				1A34043E23283C25004A434D /* synopsis_cli */,
				1AD84599232C1E3900416F5C /* Synopsis Analyzer */,
			);
		};
/* End PBXProject section */

/* Begin PBXReferenceProxy section */
		1A626153231476DD00DC2B06 /* Synopsis.framework */ = {
			isa = PBXReferenceProxy;
			fileType = wrapper.framework;
			path = Synopsis.framework;
			remoteRef = 1A626152231476DD00DC2B06 /* PBXContainerItemProxy */;
			sourceTree = BUILT_PRODUCTS_DIR;
		};
		1A626155231476DD00DC2B06 /* Synopsis.framework */ = {
			isa = PBXReferenceProxy;
			fileType = wrapper.framework;
			path = Synopsis.framework;
			remoteRef = 1A626154231476DD00DC2B06 /* PBXContainerItemProxy */;
			sourceTree = BUILT_PRODUCTS_DIR;
		};
		1A626157231476DD00DC2B06 /* Synopsis.framework */ = {
			isa = PBXReferenceProxy;
			fileType = wrapper.framework;
			path = Synopsis.framework;
			remoteRef = 1A626156231476DD00DC2B06 /* PBXContainerItemProxy */;
			sourceTree = BUILT_PRODUCTS_DIR;
		};
		1AC1ED3E2318144500AAD380 /* HapInAVFoundation.framework */ = {
			isa = PBXReferenceProxy;
			fileType = wrapper.framework;
			path = HapInAVFoundation.framework;
			remoteRef = 1AC1ED3D2318144500AAD380 /* PBXContainerItemProxy */;
			sourceTree = BUILT_PRODUCTS_DIR;
		};
		1AC1ED402318144500AAD380 /* libHapInAVFoundation.a */ = {
			isa = PBXReferenceProxy;
			fileType = archive.ar;
			path = libHapInAVFoundation.a;
			remoteRef = 1AC1ED3F2318144500AAD380 /* PBXContainerItemProxy */;
			sourceTree = BUILT_PRODUCTS_DIR;
		};
		1AC1ED422318144500AAD380 /* HapInAVF Test App.app */ = {
			isa = PBXReferenceProxy;
			fileType = wrapper.application;
			path = "HapInAVF Test App.app";
			remoteRef = 1AC1ED412318144500AAD380 /* PBXContainerItemProxy */;
			sourceTree = BUILT_PRODUCTS_DIR;
		};
		1AC1ED442318144500AAD380 /* AVF Batch Converter.app */ = {
			isa = PBXReferenceProxy;
			fileType = wrapper.application;
			path = "AVF Batch Converter.app";
			remoteRef = 1AC1ED432318144500AAD380 /* PBXContainerItemProxy */;
			sourceTree = BUILT_PRODUCTS_DIR;
		};
		1AC1ED462318144500AAD380 /* AVFtoHap */ = {
			isa = PBXReferenceProxy;
			fileType = "compiled.mach-o.executable";
			path = AVFtoHap;
			remoteRef = 1AC1ED452318144500AAD380 /* PBXContainerItemProxy */;
			sourceTree = BUILT_PRODUCTS_DIR;
		};
/* End PBXReferenceProxy section */

/* Begin PBXResourcesBuildPhase section */
		1A626136231476CF00DC2B06 /* Resources */ = {
			isa = PBXResourcesBuildPhase;
			buildActionMask = 2147483647;
			files = (
				1A62613F231476D000DC2B06 /* Assets.xcassets in Resources */,
				1A626142231476D000DC2B06 /* MainMenu.xib in Resources */,
			);
			runOnlyForDeploymentPostprocessing = 0;
		};
		1AD84598232C1E3900416F5C /* Resources */ = {
			isa = PBXResourcesBuildPhase;
			buildActionMask = 2147483647;
			files = (
				1A9B1EC423314C1C007D414A /* LogController.xib in Resources */,
				1AD845A0232C1E3900416F5C /* Images.xcassets in Resources */,
				1A9B1EBF23314B73007D414A /* PrefsController.xib in Resources */,
				1AA3C05B233C1E58009F6821 /* EmptyInspectorViewController.xib in Resources */,
				1AA3C055233C1432009F6821 /* OpInspectorViewController.xib in Resources */,
				1A1093782330205100791BDA /* SessionRowView.xib in Resources */,
				1AA3C050233C1425009F6821 /* SessionInspectorViewController.xib in Resources */,
				1A10935A2330025500791BDA /* PreferencesFileViewController.xib in Resources */,
				1A10937D2330205800791BDA /* OpRowView.xib in Resources */,
				1A1093552330024A00791BDA /* PreferencesGeneralViewController.xib in Resources */,
				1AD845A3232C1E3900416F5C /* MainMenu.xib in Resources */,
				1A10935F2330025E00791BDA /* PreferencesPresetViewController.xib in Resources */,
				1A1093642330026800791BDA /* PreferencesAdvancedViewController.xib in Resources */,
			);
			runOnlyForDeploymentPostprocessing = 0;
		};
/* End PBXResourcesBuildPhase section */

/* Begin PBXSourcesBuildPhase section */
		1A34043B23283C25004A434D /* Sources */ = {
			isa = PBXSourcesBuildPhase;
			buildActionMask = 2147483647;
			files = (
				1A34044223283C25004A434D /* main.m in Sources */,
				1A34044E23283F0C004A434D /* SynopsisJobObject.m in Sources */,
			);
			runOnlyForDeploymentPostprocessing = 0;
		};
		1A626134231476CF00DC2B06 /* Sources */ = {
			isa = PBXSourcesBuildPhase;
			buildActionMask = 2147483647;
			files = (
				1A626145231476D000DC2B06 /* main.m in Sources */,
				1AFDD45F2316F3C400D7862F /* SynopsisJobObject.m in Sources */,
				1A62613D231476CF00DC2B06 /* AppDelegate.m in Sources */,
			);
			runOnlyForDeploymentPostprocessing = 0;
		};
		1AD84596232C1E3900416F5C /* Sources */ = {
			isa = PBXSourcesBuildPhase;
			buildActionMask = 2147483647;
			files = (
				1AA3C04B233C1400009F6821 /* InspectorViewController.m in Sources */,
				1AEE2F792333C917009193CD /* PresetSettings.m in Sources */,
				1A10935E2330025E00791BDA /* PreferencesPresetViewController.m in Sources */,
				1AA3C054233C1432009F6821 /* OpInspectorViewController.m in Sources */,
				1A10937C2330205800791BDA /* OpRowView.m in Sources */,
				1AEC50FE233553840053C1B0 /* NSPopUpButtonAdditions.m in Sources */,
				1AEC510F2335556C0053C1B0 /* NSMenuAdditions.m in Sources */,
				1A10934A233001A300791BDA /* CustomVisualEffectView.m in Sources */,
				1A58E2C9235F75EA003B6A6F /* ITProgressIndicator.m in Sources */,
				1ADA766123426A9A0072EB10 /* FSDirectoryWatcher.m in Sources */,
				1A1093542330024A00791BDA /* PreferencesGeneralViewController.m in Sources */,
				1A85F571233EDE5A00541CFB /* NSStringAdditions.m in Sources */,
				1A1093592330025500791BDA /* PreferencesFileViewController.m in Sources */,
				1A58E2C0235F4021003B6A6F /* CustomOutlineView.m in Sources */,
				1A3EBFAB235F8E03007AB5B1 /* SessionStateButton.m in Sources */,
				1A1093672330027600791BDA /* PresetObject.m in Sources */,
				1AA3C04F233C1425009F6821 /* SessionInspectorViewController.m in Sources */,
				1A1093472330016D00791BDA /* DropFilesView.m in Sources */,
				1A1093772330205100791BDA /* SessionRowView.m in Sources */,
				1A58E28E235E1255003B6A6F /* VVLogger.mm in Sources */,
				1A2BA002236A3AE7008D4F6A /* PrefsPathPickerAbstraction.m in Sources */,
				1A9B1EBE23314B73007D414A /* PrefsController.m in Sources */,
				1AD845A6232C1E3900416F5C /* main.m in Sources */,
				1B454BF523567D1600F3D4A8 /* GPULoadBalancer.m in Sources */,
				1AD6237123395C4B0025703E /* SynopsisJobObject.m in Sources */,
				1A55FD7F2343F78E007CA355 /* PresetSettingsUIController.m in Sources */,
				1A1093382330011C00791BDA /* SessionController.m in Sources */,
				1B1FF1482363681400D281FB /* NSColor+SynopsisStatusColors.m in Sources */,
				1AA77B0D233FC5400049DEC4 /* FlippedClipView.m in Sources */,
				1A1093442330012900791BDA /* LogController.m in Sources */,
				1A10936A2330027C00791BDA /* PresetGroup.m in Sources */,
				1A10936E233002D800791BDA /* SynOp.m in Sources */,
				1A1093632330026800791BDA /* PreferencesAdvancedViewController.m in Sources */,
				1AC1029423328DB300510548 /* SynSession.m in Sources */,
				1A1093502330023200791BDA /* PreferencesViewController.m in Sources */,
				1AD8459E232C1E3900416F5C /* AppDelegate.m in Sources */,
				1AA3C05A233C1E58009F6821 /* EmptyInspectorViewController.m in Sources */,
				1AB8E31123678C610056122B /* NSProgressIndicatorAnimated.m in Sources */,
				1A10934D233001AE00791BDA /* CustomBackgroundView.m in Sources */,
			);
			runOnlyForDeploymentPostprocessing = 0;
		};
/* End PBXSourcesBuildPhase section */

/* Begin PBXTargetDependency section */
		1A626159231476EA00DC2B06 /* PBXTargetDependency */ = {
			isa = PBXTargetDependency;
			name = "Synopsis-macOS";
			targetProxy = 1A626158231476EA00DC2B06 /* PBXContainerItemProxy */;
		};
		1A95E8C223296B640088404A /* PBXTargetDependency */ = {
			isa = PBXTargetDependency;
			name = "Synopsis-macOS";
			targetProxy = 1A95E8C123296B640088404A /* PBXContainerItemProxy */;
		};
		1A95E8CA23296B6E0088404A /* PBXTargetDependency */ = {
			isa = PBXTargetDependency;
			name = HapInAVFoundation;
			targetProxy = 1A95E8C923296B6E0088404A /* PBXContainerItemProxy */;
		};
		1A9B1EC82331504B007D414A /* PBXTargetDependency */ = {
			isa = PBXTargetDependency;
			name = "Synopsis-macOS";
			targetProxy = 1A9B1EC72331504B007D414A /* PBXContainerItemProxy */;
		};
		1A9B1ECA2331504B007D414A /* PBXTargetDependency */ = {
			isa = PBXTargetDependency;
			name = HapInAVFoundation;
			targetProxy = 1A9B1EC92331504B007D414A /* PBXContainerItemProxy */;
		};
		1AC1ED4C2318145A00AAD380 /* PBXTargetDependency */ = {
			isa = PBXTargetDependency;
			name = HapInAVFoundation;
			targetProxy = 1AC1ED4B2318145A00AAD380 /* PBXContainerItemProxy */;
		};
/* End PBXTargetDependency section */

/* Begin PBXVariantGroup section */
		1A626140231476D000DC2B06 /* MainMenu.xib */ = {
			isa = PBXVariantGroup;
			children = (
				1A626141231476D000DC2B06 /* Base */,
			);
			name = MainMenu.xib;
			sourceTree = "<group>";
		};
		1AD845A1232C1E3900416F5C /* MainMenu.xib */ = {
			isa = PBXVariantGroup;
			children = (
				1AD845A2232C1E3900416F5C /* Base */,
			);
			name = MainMenu.xib;
			sourceTree = "<group>";
		};
/* End PBXVariantGroup section */

/* Begin XCBuildConfiguration section */
		1A34044323283C25004A434D /* Debug */ = {
			isa = XCBuildConfiguration;
			buildSettings = {
				CODE_SIGN_IDENTITY = "Developer ID Application: Vidvox, LLC (KH97KZU7A7)";
				CODE_SIGN_STYLE = Manual;
				DEVELOPMENT_TEAM = KH97KZU7A7;
				LD_RUNPATH_SEARCH_PATHS = (
					"@loader_path",
					"@executable_path",
				);
				PRODUCT_NAME = "$(TARGET_NAME)";
			};
			name = Debug;
		};
		1A34044423283C25004A434D /* Release */ = {
			isa = XCBuildConfiguration;
			buildSettings = {
				CODE_SIGN_IDENTITY = "Developer ID Application: Vidvox, LLC (KH97KZU7A7)";
				CODE_SIGN_STYLE = Manual;
				DEVELOPMENT_TEAM = KH97KZU7A7;
				LD_RUNPATH_SEARCH_PATHS = (
					"@loader_path",
					"@executable_path",
				);
				PRODUCT_NAME = "$(TARGET_NAME)";
			};
			name = Release;
		};
		1A626147231476D000DC2B06 /* Debug */ = {
			isa = XCBuildConfiguration;
			buildSettings = {
				ALWAYS_SEARCH_USER_PATHS = NO;
				CLANG_ANALYZER_NONNULL = YES;
				CLANG_ANALYZER_NUMBER_OBJECT_CONVERSION = YES_AGGRESSIVE;
				CLANG_CXX_LANGUAGE_STANDARD = "gnu++14";
				CLANG_CXX_LIBRARY = "libc++";
				CLANG_ENABLE_MODULES = YES;
				CLANG_ENABLE_OBJC_ARC = YES;
				CLANG_ENABLE_OBJC_WEAK = YES;
				CLANG_WARN_BLOCK_CAPTURE_AUTORELEASING = YES;
				CLANG_WARN_BOOL_CONVERSION = YES;
				CLANG_WARN_COMMA = YES;
				CLANG_WARN_CONSTANT_CONVERSION = YES;
				CLANG_WARN_DEPRECATED_OBJC_IMPLEMENTATIONS = YES;
				CLANG_WARN_DIRECT_OBJC_ISA_USAGE = YES_ERROR;
				CLANG_WARN_DOCUMENTATION_COMMENTS = YES;
				CLANG_WARN_EMPTY_BODY = YES;
				CLANG_WARN_ENUM_CONVERSION = YES;
				CLANG_WARN_INFINITE_RECURSION = YES;
				CLANG_WARN_INT_CONVERSION = YES;
				CLANG_WARN_NON_LITERAL_NULL_CONVERSION = YES;
				CLANG_WARN_OBJC_IMPLICIT_RETAIN_SELF = YES;
				CLANG_WARN_OBJC_LITERAL_CONVERSION = YES;
				CLANG_WARN_OBJC_ROOT_CLASS = YES_ERROR;
				CLANG_WARN_RANGE_LOOP_ANALYSIS = YES;
				CLANG_WARN_STRICT_PROTOTYPES = YES;
				CLANG_WARN_SUSPICIOUS_MOVE = YES;
				CLANG_WARN_UNGUARDED_AVAILABILITY = YES_AGGRESSIVE;
				CLANG_WARN_UNREACHABLE_CODE = YES;
				CLANG_WARN__DUPLICATE_METHOD_MATCH = YES;
				COPY_PHASE_STRIP = NO;
				DEBUG_INFORMATION_FORMAT = dwarf;
				ENABLE_STRICT_OBJC_MSGSEND = YES;
				ENABLE_TESTABILITY = YES;
				GCC_C_LANGUAGE_STANDARD = gnu11;
				GCC_DYNAMIC_NO_PIC = NO;
				GCC_NO_COMMON_BLOCKS = YES;
				GCC_OPTIMIZATION_LEVEL = 0;
				GCC_PREPROCESSOR_DEFINITIONS = (
					"DEBUG=1",
					"$(inherited)",
				);
				GCC_WARN_64_TO_32_BIT_CONVERSION = YES;
				GCC_WARN_ABOUT_RETURN_TYPE = YES_ERROR;
				GCC_WARN_UNDECLARED_SELECTOR = YES;
				GCC_WARN_UNINITIALIZED_AUTOS = YES_AGGRESSIVE;
				GCC_WARN_UNUSED_FUNCTION = YES;
				GCC_WARN_UNUSED_VARIABLE = YES;
				MACOSX_DEPLOYMENT_TARGET = 10.14;
				MTL_ENABLE_DEBUG_INFO = INCLUDE_SOURCE;
				MTL_FAST_MATH = YES;
				ONLY_ACTIVE_ARCH = YES;
				SDKROOT = macosx;
			};
			name = Debug;
		};
		1A626148231476D000DC2B06 /* Release */ = {
			isa = XCBuildConfiguration;
			buildSettings = {
				ALWAYS_SEARCH_USER_PATHS = NO;
				CLANG_ANALYZER_NONNULL = YES;
				CLANG_ANALYZER_NUMBER_OBJECT_CONVERSION = YES_AGGRESSIVE;
				CLANG_CXX_LANGUAGE_STANDARD = "gnu++14";
				CLANG_CXX_LIBRARY = "libc++";
				CLANG_ENABLE_MODULES = YES;
				CLANG_ENABLE_OBJC_ARC = YES;
				CLANG_ENABLE_OBJC_WEAK = YES;
				CLANG_WARN_BLOCK_CAPTURE_AUTORELEASING = YES;
				CLANG_WARN_BOOL_CONVERSION = YES;
				CLANG_WARN_COMMA = YES;
				CLANG_WARN_CONSTANT_CONVERSION = YES;
				CLANG_WARN_DEPRECATED_OBJC_IMPLEMENTATIONS = YES;
				CLANG_WARN_DIRECT_OBJC_ISA_USAGE = YES_ERROR;
				CLANG_WARN_DOCUMENTATION_COMMENTS = YES;
				CLANG_WARN_EMPTY_BODY = YES;
				CLANG_WARN_ENUM_CONVERSION = YES;
				CLANG_WARN_INFINITE_RECURSION = YES;
				CLANG_WARN_INT_CONVERSION = YES;
				CLANG_WARN_NON_LITERAL_NULL_CONVERSION = YES;
				CLANG_WARN_OBJC_IMPLICIT_RETAIN_SELF = YES;
				CLANG_WARN_OBJC_LITERAL_CONVERSION = YES;
				CLANG_WARN_OBJC_ROOT_CLASS = YES_ERROR;
				CLANG_WARN_RANGE_LOOP_ANALYSIS = YES;
				CLANG_WARN_STRICT_PROTOTYPES = YES;
				CLANG_WARN_SUSPICIOUS_MOVE = YES;
				CLANG_WARN_UNGUARDED_AVAILABILITY = YES_AGGRESSIVE;
				CLANG_WARN_UNREACHABLE_CODE = YES;
				CLANG_WARN__DUPLICATE_METHOD_MATCH = YES;
				COPY_PHASE_STRIP = NO;
				DEBUG_INFORMATION_FORMAT = "dwarf-with-dsym";
				ENABLE_NS_ASSERTIONS = NO;
				ENABLE_STRICT_OBJC_MSGSEND = YES;
				GCC_C_LANGUAGE_STANDARD = gnu11;
				GCC_NO_COMMON_BLOCKS = YES;
				GCC_WARN_64_TO_32_BIT_CONVERSION = YES;
				GCC_WARN_ABOUT_RETURN_TYPE = YES_ERROR;
				GCC_WARN_UNDECLARED_SELECTOR = YES;
				GCC_WARN_UNINITIALIZED_AUTOS = YES_AGGRESSIVE;
				GCC_WARN_UNUSED_FUNCTION = YES;
				GCC_WARN_UNUSED_VARIABLE = YES;
				MACOSX_DEPLOYMENT_TARGET = 10.14;
				MTL_ENABLE_DEBUG_INFO = NO;
				MTL_FAST_MATH = YES;
				SDKROOT = macosx;
			};
			name = Release;
		};
		1A62614A231476D000DC2B06 /* Debug */ = {
			isa = XCBuildConfiguration;
			buildSettings = {
				ASSETCATALOG_COMPILER_APPICON_NAME = AppIcon;
				CODE_SIGN_IDENTITY = "Developer ID Application: Vidvox, LLC (KH97KZU7A7)";
				CODE_SIGN_STYLE = Manual;
				COMBINE_HIDPI_IMAGES = YES;
				DEVELOPMENT_TEAM = KH97KZU7A7;
				INFOPLIST_FILE = SynopsisCleanRoom/Info.plist;
				LD_RUNPATH_SEARCH_PATHS = (
					"$(inherited)",
					"@executable_path/../Frameworks",
				);
				PRODUCT_BUNDLE_IDENTIFIER = yourcompany.SynopsisCleanRoom;
				PRODUCT_NAME = "$(TARGET_NAME)";
				PROVISIONING_PROFILE_SPECIFIER = "";
			};
			name = Debug;
		};
		1A62614B231476D000DC2B06 /* Release */ = {
			isa = XCBuildConfiguration;
			buildSettings = {
				ASSETCATALOG_COMPILER_APPICON_NAME = AppIcon;
				CODE_SIGN_IDENTITY = "Developer ID Application: Vidvox, LLC (KH97KZU7A7)";
				CODE_SIGN_STYLE = Manual;
				COMBINE_HIDPI_IMAGES = YES;
				DEVELOPMENT_TEAM = KH97KZU7A7;
				INFOPLIST_FILE = SynopsisCleanRoom/Info.plist;
				LD_RUNPATH_SEARCH_PATHS = (
					"$(inherited)",
					"@executable_path/../Frameworks",
				);
				PRODUCT_BUNDLE_IDENTIFIER = yourcompany.SynopsisCleanRoom;
				PRODUCT_NAME = "$(TARGET_NAME)";
				PROVISIONING_PROFILE_SPECIFIER = "";
			};
			name = Release;
		};
		1AD845A8232C1E3900416F5C /* Debug */ = {
			isa = XCBuildConfiguration;
			buildSettings = {
				ASSETCATALOG_COMPILER_APPICON_NAME = AppIcon;
				CODE_SIGN_IDENTITY = "-";
				CODE_SIGN_STYLE = Automatic;
				COMBINE_HIDPI_IMAGES = YES;
				DEVELOPMENT_TEAM = SHG3AW6YV7;
				INFOPLIST_FILE = "Synopsis Analyzer/Info.plist";
				LD_RUNPATH_SEARCH_PATHS = (
					"$(inherited)",
					"@executable_path/../Frameworks",
				);
				PRODUCT_BUNDLE_IDENTIFIER = "info.v002.Synopsis.Synopsis-Analyzer";
				PRODUCT_NAME = "$(TARGET_NAME)";
			};
			name = Debug;
		};
		1AD845A9232C1E3900416F5C /* Release */ = {
			isa = XCBuildConfiguration;
			buildSettings = {
				ASSETCATALOG_COMPILER_APPICON_NAME = AppIcon;
				CODE_SIGN_IDENTITY = "-";
				CODE_SIGN_STYLE = Automatic;
				COMBINE_HIDPI_IMAGES = YES;
				DEVELOPMENT_TEAM = SHG3AW6YV7;
				INFOPLIST_FILE = "Synopsis Analyzer/Info.plist";
				LD_RUNPATH_SEARCH_PATHS = (
					"$(inherited)",
					"@executable_path/../Frameworks",
				);
				PRODUCT_BUNDLE_IDENTIFIER = "info.v002.Synopsis.Synopsis-Analyzer";
				PRODUCT_NAME = "$(TARGET_NAME)";
			};
			name = Release;
		};
/* End XCBuildConfiguration section */

/* Begin XCConfigurationList section */
		1A34044B23283C25004A434D /* Build configuration list for PBXNativeTarget "synopsis_cli" */ = {
			isa = XCConfigurationList;
			buildConfigurations = (
				1A34044323283C25004A434D /* Debug */,
				1A34044423283C25004A434D /* Release */,
			);
			defaultConfigurationIsVisible = 0;
			defaultConfigurationName = Release;
		};
		1A626133231476CF00DC2B06 /* Build configuration list for PBXProject "SynopsisCleanRoom" */ = {
			isa = XCConfigurationList;
			buildConfigurations = (
				1A626147231476D000DC2B06 /* Debug */,
				1A626148231476D000DC2B06 /* Release */,
			);
			defaultConfigurationIsVisible = 0;
			defaultConfigurationName = Release;
		};
		1A626149231476D000DC2B06 /* Build configuration list for PBXNativeTarget "SynopsisCleanRoom" */ = {
			isa = XCConfigurationList;
			buildConfigurations = (
				1A62614A231476D000DC2B06 /* Debug */,
				1A62614B231476D000DC2B06 /* Release */,
			);
			defaultConfigurationIsVisible = 0;
			defaultConfigurationName = Release;
		};
		1AD845B0232C1E3900416F5C /* Build configuration list for PBXNativeTarget "Synopsis Analyzer" */ = {
			isa = XCConfigurationList;
			buildConfigurations = (
				1AD845A8232C1E3900416F5C /* Debug */,
				1AD845A9232C1E3900416F5C /* Release */,
			);
			defaultConfigurationIsVisible = 0;
			defaultConfigurationName = Release;
		};
/* End XCConfigurationList section */
	};
	rootObject = 1A626130231476CF00DC2B06 /* Project object */;
}
